
Microsoft Visual Studio Solution File, Format Version 11.00
# Visual Studio 2010
Project("{2150E333-8FDC-42A3-9474-1A3956D46DE8}") = "Forms", "Forms", "{CFE69DF8-6A7A-4FFC-8C2D-3EB183A0A498}"
EndProject
Project("{2150E333-8FDC-42A3-9474-1A3956D46DE8}") = "WPF", "WPF", "{42207A40-42E6-4977-B869-DC31B55D3286}"
EndProject
Project("{2150E333-8FDC-42A3-9474-1A3956D46DE8}") = "Skins", "Skins", "{0C9AF983-6A90-457E-9E82-969561E8B37F}"
EndProject
Project("{2150E333-8FDC-42A3-9474-1A3956D46DE8}") = "Tests", "Tests", "{ED1B9268-7763-4501-89EB-08615595D598}"
EndProject
Project("{2150E333-8FDC-42A3-9474-1A3956D46DE8}") = "Solution Items", "Solution Items", "{E8FD704A-2B05-4E47-819E-E5D8FB66ED67}"
	ProjectSection(SolutionItems) = preProject
		LocalTestRun.testrunconfig = LocalTestRun.testrunconfig
		NET Tools.vsmdi = NET Tools.vsmdi
		NET Tools1.vsmdi = NET Tools1.vsmdi
		NET Tools2.vsmdi = NET Tools2.vsmdi
	EndProjectSection
EndProject
Project("{2150E333-8FDC-42A3-9474-1A3956D46DE8}") = "OS", "OS", "{04C19DAA-0A7F-4893-9BD3-AFE5B399FB01}"
EndProject
Project("{2150E333-8FDC-42A3-9474-1A3956D46DE8}") = "Engines", "Engines", "{F25B1790-AC76-4065-B393-126408399AF5}"
EndProject
Project("{FAE04EC0-301F-11D3-BF4B-00C04F79EFBC}") = "NET.Tools", "NET.Tools\NET.Tools.csproj", "{EC6EAAA0-F4F1-419C-A9D5-9F2D3EF67120}"
EndProject
Project("{FAE04EC0-301F-11D3-BF4B-00C04F79EFBC}") = "NET.Tools.WPF.Skins.ArtSkin", "NET.Tools.WPF.Skins.ArtSkin\NET.Tools.WPF.Skins.ArtSkin.csproj", "{9169571A-790E-4E0B-8C07-4C6005BCB7D2}"
EndProject
Project("{FAE04EC0-301F-11D3-BF4B-00C04F79EFBC}") = "NET.Tools.WPF.Animations", "NET.Tools.WPF.Animations\NET.Tools.WPF.Animations.csproj", "{3332B4FD-0E0D-4D63-A43E-745C00FACC5E}"
EndProject
Project("{FAE04EC0-301F-11D3-BF4B-00C04F79EFBC}") = "NET.Tools.WPF.Dialogs", "NET.Tools.WPF.Dialogs\NET.Tools.WPF.Dialogs.csproj", "{B3C793CA-E6C1-4489-B000-F588646E5BCE}"
EndProject
Project("{FAE04EC0-301F-11D3-BF4B-00C04F79EFBC}") = "NET.Tools.WPF.Effects", "NET.Tools.WPF.Effects\NET.Tools.WPF.Effects.csproj", "{44E0216A-98D1-4F49-A16F-55FC43272708}"
EndProject
Project("{FAE04EC0-301F-11D3-BF4B-00C04F79EFBC}") = "NET.Tools.WPF.Skins.BlackSkin", "NET.Tools.WPF.Skins.BlackSkin\NET.Tools.WPF.Skins.BlackSkin.csproj", "{55C91FA6-9DC0-463A-8E1B-287757B58554}"
EndProject
Project("{FAE04EC0-301F-11D3-BF4B-00C04F79EFBC}") = "NET.Tools.WPF.Skins.NimbusSkin", "NET.Tools.WPF.Skins.NimbusSkin\NET.Tools.WPF.Skins.NimbusSkin.csproj", "{02C7A5D4-262E-49E9-995D-70EBCB38B75E}"
EndProject
Project("{FAE04EC0-301F-11D3-BF4B-00C04F79EFBC}") = "NET.Tools.WPF.Skins.PaperSkin", "NET.Tools.WPF.Skins.PaperSkin\NET.Tools.WPF.Skins.PaperSkin.csproj", "{0E0E2580-F19C-4370-91BE-0804C19F3956}"
EndProject
Project("{FAE04EC0-301F-11D3-BF4B-00C04F79EFBC}") = "NET.Tools.WPF.Skins.Sims3Skin", "NET.Tools.WPF.Skins.Sims3Skin\NET.Tools.WPF.Skins.Sims3Skin.csproj", "{1ACE4851-9D07-4DA1-B530-E725A0CD5E5D}"
EndProject
Project("{FAE04EC0-301F-11D3-BF4B-00C04F79EFBC}") = "NET.Tools.WPF.Tools", "NET.Tools.WPF.Tools\NET.Tools.WPF.Tools.csproj", "{55AE2F48-7FE9-40C9-BADE-D1DCDCFDDAE6}"
EndProject
Project("{FAE04EC0-301F-11D3-BF4B-00C04F79EFBC}") = "NET.Tools.Forms.Dialogs", "NET.Tools.Forms.Dialogs\NET.Tools.Forms.Dialogs.csproj", "{2E199803-3EF7-4209-8F49-AC9A65354888}"
EndProject
Project("{FAE04EC0-301F-11D3-BF4B-00C04F79EFBC}") = "NET.Tools.Forms.Controls", "NET.Tools.Forms.Controls\NET.Tools.Forms.Controls.csproj", "{0553E847-1E09-4E12-8C6B-86E1E533FBA0}"
EndProject
Project("{FAE04EC0-301F-11D3-BF4B-00C04F79EFBC}") = "NET.Tools.Forms.Tools", "NET.Tools.Forms.Tools\NET.Tools.Forms.Tools.csproj", "{50BE0370-034F-4F9D-B767-0BCFA2B8A434}"
EndProject
Project("{FAE04EC0-301F-11D3-BF4B-00C04F79EFBC}") = "NET.Tools.WPF.Controls", "NET.Tools.WPF.Controls\NET.Tools.WPF.Controls.csproj", "{A4C83440-4263-4C64-98A5-C5979814AAC0}"
EndProject
Project("{FAE04EC0-301F-11D3-BF4B-00C04F79EFBC}") = "NET.Tools.Demo", "NET.Tools.Demo\NET.Tools.Demo.csproj", "{693E450A-D2D8-4723-9DB1-C11E49009545}"
EndProject
Project("{FAE04EC0-301F-11D3-BF4B-00C04F79EFBC}") = "NET Tools Test", "NET Tools Test\NET Tools Test.csproj", "{520CAE46-F46B-472D-B295-4DC76A473F6B}"
EndProject
Project("{FAE04EC0-301F-11D3-BF4B-00C04F79EFBC}") = "NET.Tools.WPF.Skins", "NET.Tools.WPF.Skins\NET.Tools.WPF.Skins.csproj", "{29B0980A-861E-4C9D-9DF1-05EEB493D34F}"
EndProject
Project("{FAE04EC0-301F-11D3-BF4B-00C04F79EFBC}") = "NET.Tools.WPF.Skins.ChalkSkin", "NET.Tools.WPF.Skins.ChalkSkin\NET.Tools.WPF.Skins.ChalkSkin.csproj", "{80EDDB07-A5AE-4530-A3E8-761AE5B4CD79}"
EndProject
Project("{FAE04EC0-301F-11D3-BF4B-00C04F79EFBC}") = "NET.Tools.OS.Windows7", "NET.Tools.OS.Windows7\NET.Tools.OS.Windows7.csproj", "{898B5081-0E87-4B4E-9A29-209604CA3064}"
EndProject
Project("{FAE04EC0-301F-11D3-BF4B-00C04F79EFBC}") = "NET.Tools.OS.COM", "NET.Tools.OS.COM\NET.Tools.OS.COM.csproj", "{44DC5F4A-C335-428B-82A3-355250EC55BE}"
EndProject
Project("{FAE04EC0-301F-11D3-BF4B-00C04F79EFBC}") = "NET.Tools.OS", "NET.Tools.OS\NET.Tools.OS.csproj", "{B7AD41B2-5C5D-415B-8460-78183E216502}"
EndProject
Project("{FAE04EC0-301F-11D3-BF4B-00C04F79EFBC}") = "NET.Tools.Engines.Organizer", "NET.Tools.Engines.Organizer\NET.Tools.Engines.Organizer.csproj", "{0018303E-B727-45C1-8009-041714DEEC4C}"
EndProject
Project("{FAE04EC0-301F-11D3-BF4B-00C04F79EFBC}") = "NET.Tools.Engines.Mathematica", "NET.Tools.Engines.Mathematica\NET.Tools.Engines.Mathematica.csproj", "{19C73DCF-FE43-485C-9622-5FCA1DCFA946}"
EndProject
Project("{FAE04EC0-301F-11D3-BF4B-00C04F79EFBC}") = "NET.Tools.Engines.Network", "NET.Tools.Engines.Network\NET.Tools.Engines.Network.csproj", "{66505065-EB69-4A9B-9A90-E3458FBDF2FD}"
EndProject
Project("{FAE04EC0-301F-11D3-BF4B-00C04F79EFBC}") = "NET.Tools.Engines.CommandLine", "NET.Tools.Engines.CommandLine\NET.Tools.Engines.CommandLine.csproj", "{7B71CDCE-6158-42C5-9AF4-37B396053300}"
EndProject
Project("{FAE04EC0-301F-11D3-BF4B-00C04F79EFBC}") = "NET.Tools.Engines.Internationalization", "NET.Tools.Engines.Internationalization\NET.Tools.Engines.Internationalization.csproj", "{FF7A0A03-1425-4F44-A5AB-F0AD02833AC5}"
EndProject
Project("{FAE04EC0-301F-11D3-BF4B-00C04F79EFBC}") = "NET.Tools.Engines.Graphics2D", "NET.Tools.Engines.Graphics2D\NET.Tools.Engines.Graphics2D.csproj", "{BC59E495-93B2-43CE-BF76-9335FB1FEC2F}"
EndProject
Project("{FAE04EC0-301F-11D3-BF4B-00C04F79EFBC}") = "NET.Tools.Engines.Graphics3D", "NET.Tools.Engines.Graphics3D\NET.Tools.Engines.Graphics3D.csproj", "{B4838734-3A5C-461E-BB39-10B5275270D0}"
EndProject
Project("{FAE04EC0-301F-11D3-BF4B-00C04F79EFBC}") = "NET.Tools.Console.Demo", "NET.Tools.Console.Demo\NET.Tools.Console.Demo.csproj", "{E89823B4-4140-48AF-8376-6A51F57F7381}"
EndProject
Project("{FAE04EC0-301F-11D3-BF4B-00C04F79EFBC}") = "NET.Tools.DirectX.Demo", "NET.Tools.DirectX.Demo\NET.Tools.DirectX.Demo.csproj", "{EA1476E4-3208-4316-99BD-370CD133F704}"
	ProjectSection(ProjectDependencies) = postProject
		{76F3B470-52D9-4A1F-8409-881390FAB02F} = {76F3B470-52D9-4A1F-8409-881390FAB02F}
		{9205C6F6-D137-49E7-9266-C932CB50A1F7} = {9205C6F6-D137-49E7-9266-C932CB50A1F7}
	EndProjectSection
EndProject
Project("{FAE04EC0-301F-11D3-BF4B-00C04F79EFBC}") = "NET.Tools.Engines.AbstractGUI", "NET.Tools.Engines.AbstractGUI\NET.Tools.Engines.AbstractGUI.csproj", "{B17951DE-6A3E-43F2-8BEB-BB28B37FF950}"
EndProject
Project("{FAE04EC0-301F-11D3-BF4B-00C04F79EFBC}") = "NET.Tools.Engines.AVM", "NET.Tools.Engines.AVM\NET.Tools.Engines.AVM.csproj", "{6EED9A54-E098-43D9-99EE-EEA1D1BC12FD}"
EndProject
Project("{FAE04EC0-301F-11D3-BF4B-00C04F79EFBC}") = "NET.Tools.Engines.ASN1", "NET.Tools.Engines.ASN1\NET.Tools.Engines.ASN1.csproj", "{83150B66-0071-45D0-AC43-0B235D764753}"
EndProject
Project("{FAE04EC0-301F-11D3-BF4B-00C04F79EFBC}") = "NET.Tools.Engines.CodeBuilder", "NET.Tools.Engines.CodeBuilder\NET.Tools.Engines.CodeBuilder.csproj", "{205097D8-0629-4CF2-B874-79C5BDD690C0}"
EndProject
Project("{2150E333-8FDC-42A3-9474-1A3956D46DE8}") = "Graphics3D", "Graphics3D", "{EF1ED550-8A32-40A9-A3ED-AC37B359258E}"
EndProject
Project("{FAE04EC0-301F-11D3-BF4B-00C04F79EFBC}") = "NET.Tools.Engines.Graphics3D.Direct3D9", "NET.Tools.Engines.Graphics3D.Direct3D9\NET.Tools.Engines.Graphics3D.Direct3D9.csproj", "{9205C6F6-D137-49E7-9266-C932CB50A1F7}"
EndProject
Project("{FAE04EC0-301F-11D3-BF4B-00C04F79EFBC}") = "NET.Tools.Engines.Graphics3D.Direct3D11", "NET.Tools.Engines.Graphics3D.Direct3D11\NET.Tools.Engines.Graphics3D.Direct3D11.csproj", "{76F3B470-52D9-4A1F-8409-881390FAB02F}"
EndProject
Project("{FAE04EC0-301F-11D3-BF4B-00C04F79EFBC}") = "NET.Tools.WPF.Skins.PortalSkin", "NET.Tools.WPF.Skins.Portal\NET.Tools.WPF.Skins.PortalSkin.csproj", "{BA36CE52-DE86-4901-93B8-73D2C994048C}"
EndProject
Project("{FAE04EC0-301F-11D3-BF4B-00C04F79EFBC}") = "NET.Tools.WPF.Skins.CIMSkin", "NET.Tools.WPF.Skins.CIMSkin\NET.Tools.WPF.Skins.CIMSkin.csproj", "{366CA9A6-A1A7-47FF-AC64-69D206664F3E}"
EndProject
Global
	GlobalSection(TestCaseManagementSettings) = postSolution
		CategoryFile = NET Tools1.vsmdi
	EndGlobalSection
	GlobalSection(SolutionConfigurationPlatforms) = preSolution
		Debug|Any CPU = Debug|Any CPU
		Debug|x86 = Debug|x86
		Release|Any CPU = Release|Any CPU
		Release|x86 = Release|x86
	EndGlobalSection
	GlobalSection(ProjectConfigurationPlatforms) = postSolution
		{EC6EAAA0-F4F1-419C-A9D5-9F2D3EF67120}.Debug|Any CPU.ActiveCfg = Debug|Any CPU
		{EC6EAAA0-F4F1-419C-A9D5-9F2D3EF67120}.Debug|Any CPU.Build.0 = Debug|Any CPU
		{EC6EAAA0-F4F1-419C-A9D5-9F2D3EF67120}.Debug|x86.ActiveCfg = Debug|x86
		{EC6EAAA0-F4F1-419C-A9D5-9F2D3EF67120}.Debug|x86.Build.0 = Debug|x86
		{EC6EAAA0-F4F1-419C-A9D5-9F2D3EF67120}.Release|Any CPU.ActiveCfg = Release|Any CPU
		{EC6EAAA0-F4F1-419C-A9D5-9F2D3EF67120}.Release|Any CPU.Build.0 = Release|Any CPU
		{EC6EAAA0-F4F1-419C-A9D5-9F2D3EF67120}.Release|x86.ActiveCfg = Release|x86
		{EC6EAAA0-F4F1-419C-A9D5-9F2D3EF67120}.Release|x86.Build.0 = Release|x86
		{9169571A-790E-4E0B-8C07-4C6005BCB7D2}.Debug|Any CPU.ActiveCfg = Debug|Any CPU
		{9169571A-790E-4E0B-8C07-4C6005BCB7D2}.Debug|Any CPU.Build.0 = Debug|Any CPU
		{9169571A-790E-4E0B-8C07-4C6005BCB7D2}.Debug|x86.ActiveCfg = Debug|x86
		{9169571A-790E-4E0B-8C07-4C6005BCB7D2}.Debug|x86.Build.0 = Debug|x86
		{9169571A-790E-4E0B-8C07-4C6005BCB7D2}.Release|Any CPU.ActiveCfg = Release|Any CPU
		{9169571A-790E-4E0B-8C07-4C6005BCB7D2}.Release|Any CPU.Build.0 = Release|Any CPU
		{9169571A-790E-4E0B-8C07-4C6005BCB7D2}.Release|x86.ActiveCfg = Release|x86
		{9169571A-790E-4E0B-8C07-4C6005BCB7D2}.Release|x86.Build.0 = Release|x86
		{3332B4FD-0E0D-4D63-A43E-745C00FACC5E}.Debug|Any CPU.ActiveCfg = Debug|Any CPU
		{3332B4FD-0E0D-4D63-A43E-745C00FACC5E}.Debug|Any CPU.Build.0 = Debug|Any CPU
		{3332B4FD-0E0D-4D63-A43E-745C00FACC5E}.Debug|x86.ActiveCfg = Debug|x86
		{3332B4FD-0E0D-4D63-A43E-745C00FACC5E}.Debug|x86.Build.0 = Debug|x86
		{3332B4FD-0E0D-4D63-A43E-745C00FACC5E}.Release|Any CPU.ActiveCfg = Release|Any CPU
		{3332B4FD-0E0D-4D63-A43E-745C00FACC5E}.Release|Any CPU.Build.0 = Release|Any CPU
		{3332B4FD-0E0D-4D63-A43E-745C00FACC5E}.Release|x86.ActiveCfg = Release|x86
		{3332B4FD-0E0D-4D63-A43E-745C00FACC5E}.Release|x86.Build.0 = Release|x86
		{B3C793CA-E6C1-4489-B000-F588646E5BCE}.Debug|Any CPU.ActiveCfg = Debug|Any CPU
		{B3C793CA-E6C1-4489-B000-F588646E5BCE}.Debug|Any CPU.Build.0 = Debug|Any CPU
		{B3C793CA-E6C1-4489-B000-F588646E5BCE}.Debug|x86.ActiveCfg = Debug|x86
		{B3C793CA-E6C1-4489-B000-F588646E5BCE}.Debug|x86.Build.0 = Debug|x86
		{B3C793CA-E6C1-4489-B000-F588646E5BCE}.Release|Any CPU.ActiveCfg = Release|Any CPU
		{B3C793CA-E6C1-4489-B000-F588646E5BCE}.Release|Any CPU.Build.0 = Release|Any CPU
		{B3C793CA-E6C1-4489-B000-F588646E5BCE}.Release|x86.ActiveCfg = Release|x86
		{B3C793CA-E6C1-4489-B000-F588646E5BCE}.Release|x86.Build.0 = Release|x86
		{44E0216A-98D1-4F49-A16F-55FC43272708}.Debug|Any CPU.ActiveCfg = Debug|Any CPU
		{44E0216A-98D1-4F49-A16F-55FC43272708}.Debug|Any CPU.Build.0 = Debug|Any CPU
		{44E0216A-98D1-4F49-A16F-55FC43272708}.Debug|x86.ActiveCfg = Debug|x86
		{44E0216A-98D1-4F49-A16F-55FC43272708}.Debug|x86.Build.0 = Debug|x86
		{44E0216A-98D1-4F49-A16F-55FC43272708}.Release|Any CPU.ActiveCfg = Release|Any CPU
		{44E0216A-98D1-4F49-A16F-55FC43272708}.Release|Any CPU.Build.0 = Release|Any CPU
		{44E0216A-98D1-4F49-A16F-55FC43272708}.Release|x86.ActiveCfg = Release|x86
		{44E0216A-98D1-4F49-A16F-55FC43272708}.Release|x86.Build.0 = Release|x86
		{55C91FA6-9DC0-463A-8E1B-287757B58554}.Debug|Any CPU.ActiveCfg = Debug|Any CPU
		{55C91FA6-9DC0-463A-8E1B-287757B58554}.Debug|Any CPU.Build.0 = Debug|Any CPU
		{55C91FA6-9DC0-463A-8E1B-287757B58554}.Debug|x86.ActiveCfg = Debug|x86
		{55C91FA6-9DC0-463A-8E1B-287757B58554}.Debug|x86.Build.0 = Debug|x86
		{55C91FA6-9DC0-463A-8E1B-287757B58554}.Release|Any CPU.ActiveCfg = Release|Any CPU
		{55C91FA6-9DC0-463A-8E1B-287757B58554}.Release|Any CPU.Build.0 = Release|Any CPU
		{55C91FA6-9DC0-463A-8E1B-287757B58554}.Release|x86.ActiveCfg = Release|x86
		{55C91FA6-9DC0-463A-8E1B-287757B58554}.Release|x86.Build.0 = Release|x86
		{02C7A5D4-262E-49E9-995D-70EBCB38B75E}.Debug|Any CPU.ActiveCfg = Debug|Any CPU
		{02C7A5D4-262E-49E9-995D-70EBCB38B75E}.Debug|Any CPU.Build.0 = Debug|Any CPU
		{02C7A5D4-262E-49E9-995D-70EBCB38B75E}.Debug|x86.ActiveCfg = Debug|x86
		{02C7A5D4-262E-49E9-995D-70EBCB38B75E}.Debug|x86.Build.0 = Debug|x86
		{02C7A5D4-262E-49E9-995D-70EBCB38B75E}.Release|Any CPU.ActiveCfg = Release|Any CPU
		{02C7A5D4-262E-49E9-995D-70EBCB38B75E}.Release|Any CPU.Build.0 = Release|Any CPU
		{02C7A5D4-262E-49E9-995D-70EBCB38B75E}.Release|x86.ActiveCfg = Release|x86
		{02C7A5D4-262E-49E9-995D-70EBCB38B75E}.Release|x86.Build.0 = Release|x86
		{0E0E2580-F19C-4370-91BE-0804C19F3956}.Debug|Any CPU.ActiveCfg = Debug|Any CPU
		{0E0E2580-F19C-4370-91BE-0804C19F3956}.Debug|Any CPU.Build.0 = Debug|Any CPU
		{0E0E2580-F19C-4370-91BE-0804C19F3956}.Debug|x86.ActiveCfg = Debug|x86
		{0E0E2580-F19C-4370-91BE-0804C19F3956}.Debug|x86.Build.0 = Debug|x86
		{0E0E2580-F19C-4370-91BE-0804C19F3956}.Release|Any CPU.ActiveCfg = Release|Any CPU
		{0E0E2580-F19C-4370-91BE-0804C19F3956}.Release|Any CPU.Build.0 = Release|Any CPU
		{0E0E2580-F19C-4370-91BE-0804C19F3956}.Release|x86.ActiveCfg = Release|x86
		{0E0E2580-F19C-4370-91BE-0804C19F3956}.Release|x86.Build.0 = Release|x86
		{1ACE4851-9D07-4DA1-B530-E725A0CD5E5D}.Debug|Any CPU.ActiveCfg = Debug|Any CPU
		{1ACE4851-9D07-4DA1-B530-E725A0CD5E5D}.Debug|Any CPU.Build.0 = Debug|Any CPU
		{1ACE4851-9D07-4DA1-B530-E725A0CD5E5D}.Debug|x86.ActiveCfg = Debug|x86
		{1ACE4851-9D07-4DA1-B530-E725A0CD5E5D}.Debug|x86.Build.0 = Debug|x86
		{1ACE4851-9D07-4DA1-B530-E725A0CD5E5D}.Release|Any CPU.ActiveCfg = Release|Any CPU
		{1ACE4851-9D07-4DA1-B530-E725A0CD5E5D}.Release|Any CPU.Build.0 = Release|Any CPU
		{1ACE4851-9D07-4DA1-B530-E725A0CD5E5D}.Release|x86.ActiveCfg = Release|x86
		{1ACE4851-9D07-4DA1-B530-E725A0CD5E5D}.Release|x86.Build.0 = Release|x86
		{55AE2F48-7FE9-40C9-BADE-D1DCDCFDDAE6}.Debug|Any CPU.ActiveCfg = Debug|Any CPU
		{55AE2F48-7FE9-40C9-BADE-D1DCDCFDDAE6}.Debug|Any CPU.Build.0 = Debug|Any CPU
		{55AE2F48-7FE9-40C9-BADE-D1DCDCFDDAE6}.Debug|x86.ActiveCfg = Debug|x86
		{55AE2F48-7FE9-40C9-BADE-D1DCDCFDDAE6}.Debug|x86.Build.0 = Debug|x86
		{55AE2F48-7FE9-40C9-BADE-D1DCDCFDDAE6}.Release|Any CPU.ActiveCfg = Release|Any CPU
		{55AE2F48-7FE9-40C9-BADE-D1DCDCFDDAE6}.Release|Any CPU.Build.0 = Release|Any CPU
		{55AE2F48-7FE9-40C9-BADE-D1DCDCFDDAE6}.Release|x86.ActiveCfg = Release|x86
		{55AE2F48-7FE9-40C9-BADE-D1DCDCFDDAE6}.Release|x86.Build.0 = Release|x86
		{2E199803-3EF7-4209-8F49-AC9A65354888}.Debug|Any CPU.ActiveCfg = Debug|Any CPU
		{2E199803-3EF7-4209-8F49-AC9A65354888}.Debug|Any CPU.Build.0 = Debug|Any CPU
		{2E199803-3EF7-4209-8F49-AC9A65354888}.Debug|x86.ActiveCfg = Debug|x86
		{2E199803-3EF7-4209-8F49-AC9A65354888}.Debug|x86.Build.0 = Debug|x86
		{2E199803-3EF7-4209-8F49-AC9A65354888}.Release|Any CPU.ActiveCfg = Release|Any CPU
		{2E199803-3EF7-4209-8F49-AC9A65354888}.Release|Any CPU.Build.0 = Release|Any CPU
		{2E199803-3EF7-4209-8F49-AC9A65354888}.Release|x86.ActiveCfg = Release|x86
		{2E199803-3EF7-4209-8F49-AC9A65354888}.Release|x86.Build.0 = Release|x86
		{0553E847-1E09-4E12-8C6B-86E1E533FBA0}.Debug|Any CPU.ActiveCfg = Debug|Any CPU
		{0553E847-1E09-4E12-8C6B-86E1E533FBA0}.Debug|Any CPU.Build.0 = Debug|Any CPU
		{0553E847-1E09-4E12-8C6B-86E1E533FBA0}.Debug|x86.ActiveCfg = Debug|x86
		{0553E847-1E09-4E12-8C6B-86E1E533FBA0}.Debug|x86.Build.0 = Debug|x86
		{0553E847-1E09-4E12-8C6B-86E1E533FBA0}.Release|Any CPU.ActiveCfg = Release|Any CPU
		{0553E847-1E09-4E12-8C6B-86E1E533FBA0}.Release|Any CPU.Build.0 = Release|Any CPU
		{0553E847-1E09-4E12-8C6B-86E1E533FBA0}.Release|x86.ActiveCfg = Release|x86
		{0553E847-1E09-4E12-8C6B-86E1E533FBA0}.Release|x86.Build.0 = Release|x86
		{50BE0370-034F-4F9D-B767-0BCFA2B8A434}.Debug|Any CPU.ActiveCfg = Debug|Any CPU
		{50BE0370-034F-4F9D-B767-0BCFA2B8A434}.Debug|Any CPU.Build.0 = Debug|Any CPU
		{50BE0370-034F-4F9D-B767-0BCFA2B8A434}.Debug|x86.ActiveCfg = Debug|x86
		{50BE0370-034F-4F9D-B767-0BCFA2B8A434}.Debug|x86.Build.0 = Debug|x86
		{50BE0370-034F-4F9D-B767-0BCFA2B8A434}.Release|Any CPU.ActiveCfg = Release|Any CPU
		{50BE0370-034F-4F9D-B767-0BCFA2B8A434}.Release|Any CPU.Build.0 = Release|Any CPU
		{50BE0370-034F-4F9D-B767-0BCFA2B8A434}.Release|x86.ActiveCfg = Release|x86
		{50BE0370-034F-4F9D-B767-0BCFA2B8A434}.Release|x86.Build.0 = Release|x86
		{A4C83440-4263-4C64-98A5-C5979814AAC0}.Debug|Any CPU.ActiveCfg = Debug|Any CPU
		{A4C83440-4263-4C64-98A5-C5979814AAC0}.Debug|Any CPU.Build.0 = Debug|Any CPU
		{A4C83440-4263-4C64-98A5-C5979814AAC0}.Debug|x86.ActiveCfg = Debug|x86
		{A4C83440-4263-4C64-98A5-C5979814AAC0}.Debug|x86.Build.0 = Debug|x86
		{A4C83440-4263-4C64-98A5-C5979814AAC0}.Release|Any CPU.ActiveCfg = Release|Any CPU
		{A4C83440-4263-4C64-98A5-C5979814AAC0}.Release|Any CPU.Build.0 = Release|Any CPU
		{A4C83440-4263-4C64-98A5-C5979814AAC0}.Release|x86.ActiveCfg = Release|x86
		{A4C83440-4263-4C64-98A5-C5979814AAC0}.Release|x86.Build.0 = Release|x86
		{693E450A-D2D8-4723-9DB1-C11E49009545}.Debug|Any CPU.ActiveCfg = Debug|Any CPU
		{693E450A-D2D8-4723-9DB1-C11E49009545}.Debug|Any CPU.Build.0 = Debug|Any CPU
		{693E450A-D2D8-4723-9DB1-C11E49009545}.Debug|x86.ActiveCfg = Debug|x86
		{693E450A-D2D8-4723-9DB1-C11E49009545}.Debug|x86.Build.0 = Debug|x86
		{693E450A-D2D8-4723-9DB1-C11E49009545}.Release|Any CPU.ActiveCfg = Release|Any CPU
		{693E450A-D2D8-4723-9DB1-C11E49009545}.Release|Any CPU.Build.0 = Release|Any CPU
		{693E450A-D2D8-4723-9DB1-C11E49009545}.Release|x86.ActiveCfg = Release|x86
		{693E450A-D2D8-4723-9DB1-C11E49009545}.Release|x86.Build.0 = Release|x86
		{520CAE46-F46B-472D-B295-4DC76A473F6B}.Debug|Any CPU.ActiveCfg = Debug|Any CPU
		{520CAE46-F46B-472D-B295-4DC76A473F6B}.Debug|Any CPU.Build.0 = Debug|Any CPU
		{520CAE46-F46B-472D-B295-4DC76A473F6B}.Debug|x86.ActiveCfg = Debug|x86
		{520CAE46-F46B-472D-B295-4DC76A473F6B}.Debug|x86.Build.0 = Debug|x86
		{520CAE46-F46B-472D-B295-4DC76A473F6B}.Release|Any CPU.ActiveCfg = Release|Any CPU
		{520CAE46-F46B-472D-B295-4DC76A473F6B}.Release|Any CPU.Build.0 = Release|Any CPU
		{520CAE46-F46B-472D-B295-4DC76A473F6B}.Release|x86.ActiveCfg = Release|x86
		{520CAE46-F46B-472D-B295-4DC76A473F6B}.Release|x86.Build.0 = Release|x86
		{29B0980A-861E-4C9D-9DF1-05EEB493D34F}.Debug|Any CPU.ActiveCfg = Debug|Any CPU
		{29B0980A-861E-4C9D-9DF1-05EEB493D34F}.Debug|Any CPU.Build.0 = Debug|Any CPU
		{29B0980A-861E-4C9D-9DF1-05EEB493D34F}.Debug|x86.ActiveCfg = Debug|x86
		{29B0980A-861E-4C9D-9DF1-05EEB493D34F}.Debug|x86.Build.0 = Debug|x86
		{29B0980A-861E-4C9D-9DF1-05EEB493D34F}.Release|Any CPU.ActiveCfg = Release|Any CPU
		{29B0980A-861E-4C9D-9DF1-05EEB493D34F}.Release|Any CPU.Build.0 = Release|Any CPU
		{29B0980A-861E-4C9D-9DF1-05EEB493D34F}.Release|x86.ActiveCfg = Release|x86
		{29B0980A-861E-4C9D-9DF1-05EEB493D34F}.Release|x86.Build.0 = Release|x86
		{80EDDB07-A5AE-4530-A3E8-761AE5B4CD79}.Debug|Any CPU.ActiveCfg = Debug|Any CPU
		{80EDDB07-A5AE-4530-A3E8-761AE5B4CD79}.Debug|Any CPU.Build.0 = Debug|Any CPU
		{80EDDB07-A5AE-4530-A3E8-761AE5B4CD79}.Debug|x86.ActiveCfg = Debug|x86
		{80EDDB07-A5AE-4530-A3E8-761AE5B4CD79}.Debug|x86.Build.0 = Debug|x86
		{80EDDB07-A5AE-4530-A3E8-761AE5B4CD79}.Release|Any CPU.ActiveCfg = Release|Any CPU
		{80EDDB07-A5AE-4530-A3E8-761AE5B4CD79}.Release|Any CPU.Build.0 = Release|Any CPU
		{80EDDB07-A5AE-4530-A3E8-761AE5B4CD79}.Release|x86.ActiveCfg = Release|x86
		{80EDDB07-A5AE-4530-A3E8-761AE5B4CD79}.Release|x86.Build.0 = Release|x86
		{898B5081-0E87-4B4E-9A29-209604CA3064}.Debug|Any CPU.ActiveCfg = Debug|Any CPU
		{898B5081-0E87-4B4E-9A29-209604CA3064}.Debug|Any CPU.Build.0 = Debug|Any CPU
		{898B5081-0E87-4B4E-9A29-209604CA3064}.Debug|x86.ActiveCfg = Debug|x86
		{898B5081-0E87-4B4E-9A29-209604CA3064}.Debug|x86.Build.0 = Debug|x86
		{898B5081-0E87-4B4E-9A29-209604CA3064}.Release|Any CPU.ActiveCfg = Release|Any CPU
		{898B5081-0E87-4B4E-9A29-209604CA3064}.Release|Any CPU.Build.0 = Release|Any CPU
		{898B5081-0E87-4B4E-9A29-209604CA3064}.Release|x86.ActiveCfg = Release|x86
		{898B5081-0E87-4B4E-9A29-209604CA3064}.Release|x86.Build.0 = Release|x86
		{44DC5F4A-C335-428B-82A3-355250EC55BE}.Debug|Any CPU.ActiveCfg = Debug|Any CPU
		{44DC5F4A-C335-428B-82A3-355250EC55BE}.Debug|Any CPU.Build.0 = Debug|Any CPU
		{44DC5F4A-C335-428B-82A3-355250EC55BE}.Debug|x86.ActiveCfg = Debug|x86
		{44DC5F4A-C335-428B-82A3-355250EC55BE}.Debug|x86.Build.0 = Debug|x86
		{44DC5F4A-C335-428B-82A3-355250EC55BE}.Release|Any CPU.ActiveCfg = Release|Any CPU
		{44DC5F4A-C335-428B-82A3-355250EC55BE}.Release|Any CPU.Build.0 = Release|Any CPU
		{44DC5F4A-C335-428B-82A3-355250EC55BE}.Release|x86.ActiveCfg = Release|x86
		{44DC5F4A-C335-428B-82A3-355250EC55BE}.Release|x86.Build.0 = Release|x86
		{B7AD41B2-5C5D-415B-8460-78183E216502}.Debug|Any CPU.ActiveCfg = Debug|Any CPU
		{B7AD41B2-5C5D-415B-8460-78183E216502}.Debug|Any CPU.Build.0 = Debug|Any CPU
		{B7AD41B2-5C5D-415B-8460-78183E216502}.Debug|x86.ActiveCfg = Debug|x86
		{B7AD41B2-5C5D-415B-8460-78183E216502}.Debug|x86.Build.0 = Debug|x86
		{B7AD41B2-5C5D-415B-8460-78183E216502}.Release|Any CPU.ActiveCfg = Release|Any CPU
		{B7AD41B2-5C5D-415B-8460-78183E216502}.Release|Any CPU.Build.0 = Release|Any CPU
		{B7AD41B2-5C5D-415B-8460-78183E216502}.Release|x86.ActiveCfg = Release|x86
		{B7AD41B2-5C5D-415B-8460-78183E216502}.Release|x86.Build.0 = Release|x86
		{0018303E-B727-45C1-8009-041714DEEC4C}.Debug|Any CPU.ActiveCfg = Debug|Any CPU
		{0018303E-B727-45C1-8009-041714DEEC4C}.Debug|Any CPU.Build.0 = Debug|Any CPU
		{0018303E-B727-45C1-8009-041714DEEC4C}.Debug|x86.ActiveCfg = Debug|Any CPU
		{0018303E-B727-45C1-8009-041714DEEC4C}.Release|Any CPU.ActiveCfg = Release|Any CPU
		{0018303E-B727-45C1-8009-041714DEEC4C}.Release|Any CPU.Build.0 = Release|Any CPU
		{0018303E-B727-45C1-8009-041714DEEC4C}.Release|x86.ActiveCfg = Release|Any CPU
		{19C73DCF-FE43-485C-9622-5FCA1DCFA946}.Debug|Any CPU.ActiveCfg = Debug|Any CPU
		{19C73DCF-FE43-485C-9622-5FCA1DCFA946}.Debug|Any CPU.Build.0 = Debug|Any CPU
		{19C73DCF-FE43-485C-9622-5FCA1DCFA946}.Debug|x86.ActiveCfg = Debug|Any CPU
		{19C73DCF-FE43-485C-9622-5FCA1DCFA946}.Release|Any CPU.ActiveCfg = Release|Any CPU
		{19C73DCF-FE43-485C-9622-5FCA1DCFA946}.Release|Any CPU.Build.0 = Release|Any CPU
		{19C73DCF-FE43-485C-9622-5FCA1DCFA946}.Release|x86.ActiveCfg = Release|Any CPU
		{66505065-EB69-4A9B-9A90-E3458FBDF2FD}.Debug|Any CPU.ActiveCfg = Debug|Any CPU
		{66505065-EB69-4A9B-9A90-E3458FBDF2FD}.Debug|Any CPU.Build.0 = Debug|Any CPU
		{66505065-EB69-4A9B-9A90-E3458FBDF2FD}.Debug|x86.ActiveCfg = Debug|Any CPU
		{66505065-EB69-4A9B-9A90-E3458FBDF2FD}.Release|Any CPU.ActiveCfg = Release|Any CPU
		{66505065-EB69-4A9B-9A90-E3458FBDF2FD}.Release|Any CPU.Build.0 = Release|Any CPU
		{66505065-EB69-4A9B-9A90-E3458FBDF2FD}.Release|x86.ActiveCfg = Release|Any CPU
		{7B71CDCE-6158-42C5-9AF4-37B396053300}.Debug|Any CPU.ActiveCfg = Debug|Any CPU
		{7B71CDCE-6158-42C5-9AF4-37B396053300}.Debug|Any CPU.Build.0 = Debug|Any CPU
		{7B71CDCE-6158-42C5-9AF4-37B396053300}.Debug|x86.ActiveCfg = Debug|Any CPU
		{7B71CDCE-6158-42C5-9AF4-37B396053300}.Release|Any CPU.ActiveCfg = Release|Any CPU
		{7B71CDCE-6158-42C5-9AF4-37B396053300}.Release|Any CPU.Build.0 = Release|Any CPU
		{7B71CDCE-6158-42C5-9AF4-37B396053300}.Release|x86.ActiveCfg = Release|Any CPU
		{FF7A0A03-1425-4F44-A5AB-F0AD02833AC5}.Debug|Any CPU.ActiveCfg = Debug|Any CPU
		{FF7A0A03-1425-4F44-A5AB-F0AD02833AC5}.Debug|Any CPU.Build.0 = Debug|Any CPU
		{FF7A0A03-1425-4F44-A5AB-F0AD02833AC5}.Debug|x86.ActiveCfg = Debug|Any CPU
		{FF7A0A03-1425-4F44-A5AB-F0AD02833AC5}.Release|Any CPU.ActiveCfg = Release|Any CPU
		{FF7A0A03-1425-4F44-A5AB-F0AD02833AC5}.Release|Any CPU.Build.0 = Release|Any CPU
		{FF7A0A03-1425-4F44-A5AB-F0AD02833AC5}.Release|x86.ActiveCfg = Release|Any CPU
		{BC59E495-93B2-43CE-BF76-9335FB1FEC2F}.Debug|Any CPU.ActiveCfg = Debug|Any CPU
		{BC59E495-93B2-43CE-BF76-9335FB1FEC2F}.Debug|Any CPU.Build.0 = Debug|Any CPU
		{BC59E495-93B2-43CE-BF76-9335FB1FEC2F}.Debug|x86.ActiveCfg = Debug|Any CPU
		{BC59E495-93B2-43CE-BF76-9335FB1FEC2F}.Release|Any CPU.ActiveCfg = Release|Any CPU
		{BC59E495-93B2-43CE-BF76-9335FB1FEC2F}.Release|Any CPU.Build.0 = Release|Any CPU
		{BC59E495-93B2-43CE-BF76-9335FB1FEC2F}.Release|x86.ActiveCfg = Release|Any CPU
		{B4838734-3A5C-461E-BB39-10B5275270D0}.Debug|Any CPU.ActiveCfg = Debug|Any CPU
		{B4838734-3A5C-461E-BB39-10B5275270D0}.Debug|Any CPU.Build.0 = Debug|Any CPU
		{B4838734-3A5C-461E-BB39-10B5275270D0}.Debug|x86.ActiveCfg = Debug|Any CPU
		{B4838734-3A5C-461E-BB39-10B5275270D0}.Release|Any CPU.ActiveCfg = Release|Any CPU
		{B4838734-3A5C-461E-BB39-10B5275270D0}.Release|Any CPU.Build.0 = Release|Any CPU
		{B4838734-3A5C-461E-BB39-10B5275270D0}.Release|x86.ActiveCfg = Release|Any CPU
		{E89823B4-4140-48AF-8376-6A51F57F7381}.Debug|Any CPU.ActiveCfg = Debug|Any CPU
		{E89823B4-4140-48AF-8376-6A51F57F7381}.Debug|Any CPU.Build.0 = Debug|Any CPU
		{E89823B4-4140-48AF-8376-6A51F57F7381}.Debug|x86.ActiveCfg = Debug|Any CPU
		{E89823B4-4140-48AF-8376-6A51F57F7381}.Release|Any CPU.ActiveCfg = Release|Any CPU
		{E89823B4-4140-48AF-8376-6A51F57F7381}.Release|Any CPU.Build.0 = Release|Any CPU
		{E89823B4-4140-48AF-8376-6A51F57F7381}.Release|x86.ActiveCfg = Release|Any CPU
		{EA1476E4-3208-4316-99BD-370CD133F704}.Debug|Any CPU.ActiveCfg = Debug|Any CPU
		{EA1476E4-3208-4316-99BD-370CD133F704}.Debug|Any CPU.Build.0 = Debug|Any CPU
		{EA1476E4-3208-4316-99BD-370CD133F704}.Debug|x86.ActiveCfg = Debug|Any CPU
		{EA1476E4-3208-4316-99BD-370CD133F704}.Release|Any CPU.ActiveCfg = Release|Any CPU
		{EA1476E4-3208-4316-99BD-370CD133F704}.Release|Any CPU.Build.0 = Release|Any CPU
		{EA1476E4-3208-4316-99BD-370CD133F704}.Release|x86.ActiveCfg = Release|Any CPU
		{B17951DE-6A3E-43F2-8BEB-BB28B37FF950}.Debug|Any CPU.ActiveCfg = Debug|Any CPU
		{B17951DE-6A3E-43F2-8BEB-BB28B37FF950}.Debug|Any CPU.Build.0 = Debug|Any CPU
		{B17951DE-6A3E-43F2-8BEB-BB28B37FF950}.Debug|x86.ActiveCfg = Debug|Any CPU
		{B17951DE-6A3E-43F2-8BEB-BB28B37FF950}.Release|Any CPU.ActiveCfg = Release|Any CPU
		{B17951DE-6A3E-43F2-8BEB-BB28B37FF950}.Release|Any CPU.Build.0 = Release|Any CPU
		{B17951DE-6A3E-43F2-8BEB-BB28B37FF950}.Release|x86.ActiveCfg = Release|Any CPU
		{6EED9A54-E098-43D9-99EE-EEA1D1BC12FD}.Debug|Any CPU.ActiveCfg = Debug|Any CPU
		{6EED9A54-E098-43D9-99EE-EEA1D1BC12FD}.Debug|Any CPU.Build.0 = Debug|Any CPU
		{6EED9A54-E098-43D9-99EE-EEA1D1BC12FD}.Debug|x86.ActiveCfg = Debug|Any CPU
		{6EED9A54-E098-43D9-99EE-EEA1D1BC12FD}.Release|Any CPU.ActiveCfg = Release|Any CPU
		{6EED9A54-E098-43D9-99EE-EEA1D1BC12FD}.Release|Any CPU.Build.0 = Release|Any CPU
		{6EED9A54-E098-43D9-99EE-EEA1D1BC12FD}.Release|x86.ActiveCfg = Release|Any CPU
		{83150B66-0071-45D0-AC43-0B235D764753}.Debug|Any CPU.ActiveCfg = Debug|Any CPU
		{83150B66-0071-45D0-AC43-0B235D764753}.Debug|Any CPU.Build.0 = Debug|Any CPU
		{83150B66-0071-45D0-AC43-0B235D764753}.Debug|x86.ActiveCfg = Debug|Any CPU
		{83150B66-0071-45D0-AC43-0B235D764753}.Release|Any CPU.ActiveCfg = Release|Any CPU
		{83150B66-0071-45D0-AC43-0B235D764753}.Release|Any CPU.Build.0 = Release|Any CPU
		{83150B66-0071-45D0-AC43-0B235D764753}.Release|x86.ActiveCfg = Release|Any CPU
		{205097D8-0629-4CF2-B874-79C5BDD690C0}.Debug|Any CPU.ActiveCfg = Debug|Any CPU
		{205097D8-0629-4CF2-B874-79C5BDD690C0}.Debug|Any CPU.Build.0 = Debug|Any CPU
		{205097D8-0629-4CF2-B874-79C5BDD690C0}.Debug|x86.ActiveCfg = Debug|Any CPU
		{205097D8-0629-4CF2-B874-79C5BDD690C0}.Release|Any CPU.ActiveCfg = Release|Any CPU
		{205097D8-0629-4CF2-B874-79C5BDD690C0}.Release|Any CPU.Build.0 = Release|Any CPU
		{205097D8-0629-4CF2-B874-79C5BDD690C0}.Release|x86.ActiveCfg = Release|Any CPU
		{9205C6F6-D137-49E7-9266-C932CB50A1F7}.Debug|Any CPU.ActiveCfg = Debug|Any CPU
		{9205C6F6-D137-49E7-9266-C932CB50A1F7}.Debug|Any CPU.Build.0 = Debug|Any CPU
		{9205C6F6-D137-49E7-9266-C932CB50A1F7}.Debug|x86.ActiveCfg = Debug|Any CPU
		{9205C6F6-D137-49E7-9266-C932CB50A1F7}.Release|Any CPU.ActiveCfg = Release|Any CPU
		{9205C6F6-D137-49E7-9266-C932CB50A1F7}.Release|Any CPU.Build.0 = Release|Any CPU
		{9205C6F6-D137-49E7-9266-C932CB50A1F7}.Release|x86.ActiveCfg = Release|Any CPU
		{76F3B470-52D9-4A1F-8409-881390FAB02F}.Debug|Any CPU.ActiveCfg = Debug|Any CPU
		{76F3B470-52D9-4A1F-8409-881390FAB02F}.Debug|Any CPU.Build.0 = Debug|Any CPU
		{76F3B470-52D9-4A1F-8409-881390FAB02F}.Debug|x86.ActiveCfg = Debug|Any CPU
		{76F3B470-52D9-4A1F-8409-881390FAB02F}.Release|Any CPU.ActiveCfg = Release|Any CPU
		{76F3B470-52D9-4A1F-8409-881390FAB02F}.Release|Any CPU.Build.0 = Release|Any CPU
		{76F3B470-52D9-4A1F-8409-881390FAB02F}.Release|x86.ActiveCfg = Release|Any CPU
		{BA36CE52-DE86-4901-93B8-73D2C994048C}.Debug|Any CPU.ActiveCfg = Debug|Any CPU
		{BA36CE52-DE86-4901-93B8-73D2C994048C}.Debug|Any CPU.Build.0 = Debug|Any CPU
		{BA36CE52-DE86-4901-93B8-73D2C994048C}.Debug|x86.ActiveCfg = Debug|Any CPU
		{BA36CE52-DE86-4901-93B8-73D2C994048C}.Release|Any CPU.ActiveCfg = Release|Any CPU
		{BA36CE52-DE86-4901-93B8-73D2C994048C}.Release|Any CPU.Build.0 = Release|Any CPU
		{BA36CE52-DE86-4901-93B8-73D2C994048C}.Release|x86.ActiveCfg = Release|Any CPU
		{366CA9A6-A1A7-47FF-AC64-69D206664F3E}.Debug|Any CPU.ActiveCfg = Debug|Any CPU
		{366CA9A6-A1A7-47FF-AC64-69D206664F3E}.Debug|Any CPU.Build.0 = Debug|Any CPU
		{366CA9A6-A1A7-47FF-AC64-69D206664F3E}.Debug|x86.ActiveCfg = Debug|Any CPU
		{366CA9A6-A1A7-47FF-AC64-69D206664F3E}.Release|Any CPU.ActiveCfg = Release|Any CPU
		{366CA9A6-A1A7-47FF-AC64-69D206664F3E}.Release|Any CPU.Build.0 = Release|Any CPU
		{366CA9A6-A1A7-47FF-AC64-69D206664F3E}.Release|x86.ActiveCfg = Release|Any CPU
	EndGlobalSection
	GlobalSection(SolutionProperties) = preSolution
		HideSolutionNode = FALSE
	EndGlobalSection
	GlobalSection(NestedProjects) = preSolution
		{2E199803-3EF7-4209-8F49-AC9A65354888} = {CFE69DF8-6A7A-4FFC-8C2D-3EB183A0A498}
		{0553E847-1E09-4E12-8C6B-86E1E533FBA0} = {CFE69DF8-6A7A-4FFC-8C2D-3EB183A0A498}
		{50BE0370-034F-4F9D-B767-0BCFA2B8A434} = {CFE69DF8-6A7A-4FFC-8C2D-3EB183A0A498}
		{0C9AF983-6A90-457E-9E82-969561E8B37F} = {42207A40-42E6-4977-B869-DC31B55D3286}
		{3332B4FD-0E0D-4D63-A43E-745C00FACC5E} = {42207A40-42E6-4977-B869-DC31B55D3286}
		{B3C793CA-E6C1-4489-B000-F588646E5BCE} = {42207A40-42E6-4977-B869-DC31B55D3286}
		{44E0216A-98D1-4F49-A16F-55FC43272708} = {42207A40-42E6-4977-B869-DC31B55D3286}
		{55AE2F48-7FE9-40C9-BADE-D1DCDCFDDAE6} = {42207A40-42E6-4977-B869-DC31B55D3286}
		{A4C83440-4263-4C64-98A5-C5979814AAC0} = {42207A40-42E6-4977-B869-DC31B55D3286}
		{9169571A-790E-4E0B-8C07-4C6005BCB7D2} = {0C9AF983-6A90-457E-9E82-969561E8B37F}
		{55C91FA6-9DC0-463A-8E1B-287757B58554} = {0C9AF983-6A90-457E-9E82-969561E8B37F}
		{02C7A5D4-262E-49E9-995D-70EBCB38B75E} = {0C9AF983-6A90-457E-9E82-969561E8B37F}
		{0E0E2580-F19C-4370-91BE-0804C19F3956} = {0C9AF983-6A90-457E-9E82-969561E8B37F}
		{1ACE4851-9D07-4DA1-B530-E725A0CD5E5D} = {0C9AF983-6A90-457E-9E82-969561E8B37F}
		{29B0980A-861E-4C9D-9DF1-05EEB493D34F} = {0C9AF983-6A90-457E-9E82-969561E8B37F}
		{80EDDB07-A5AE-4530-A3E8-761AE5B4CD79} = {0C9AF983-6A90-457E-9E82-969561E8B37F}
		{BA36CE52-DE86-4901-93B8-73D2C994048C} = {0C9AF983-6A90-457E-9E82-969561E8B37F}
		{366CA9A6-A1A7-47FF-AC64-69D206664F3E} = {0C9AF983-6A90-457E-9E82-969561E8B37F}
		{E8FD704A-2B05-4E47-819E-E5D8FB66ED67} = {ED1B9268-7763-4501-89EB-08615595D598}
		{520CAE46-F46B-472D-B295-4DC76A473F6B} = {ED1B9268-7763-4501-89EB-08615595D598}
		{898B5081-0E87-4B4E-9A29-209604CA3064} = {04C19DAA-0A7F-4893-9BD3-AFE5B399FB01}
		{44DC5F4A-C335-428B-82A3-355250EC55BE} = {04C19DAA-0A7F-4893-9BD3-AFE5B399FB01}
		{B7AD41B2-5C5D-415B-8460-78183E216502} = {04C19DAA-0A7F-4893-9BD3-AFE5B399FB01}
		{0018303E-B727-45C1-8009-041714DEEC4C} = {F25B1790-AC76-4065-B393-126408399AF5}
		{19C73DCF-FE43-485C-9622-5FCA1DCFA946} = {F25B1790-AC76-4065-B393-126408399AF5}
		{66505065-EB69-4A9B-9A90-E3458FBDF2FD} = {F25B1790-AC76-4065-B393-126408399AF5}
		{7B71CDCE-6158-42C5-9AF4-37B396053300} = {F25B1790-AC76-4065-B393-126408399AF5}
		{FF7A0A03-1425-4F44-A5AB-F0AD02833AC5} = {F25B1790-AC76-4065-B393-126408399AF5}
		{BC59E495-93B2-43CE-BF76-9335FB1FEC2F} = {F25B1790-AC76-4065-B393-126408399AF5}
		{EF1ED550-8A32-40A9-A3ED-AC37B359258E} = {F25B1790-AC76-4065-B393-126408399AF5}
		{B17951DE-6A3E-43F2-8BEB-BB28B37FF950} = {F25B1790-AC76-4065-B393-126408399AF5}
		{6EED9A54-E098-43D9-99EE-EEA1D1BC12FD} = {F25B1790-AC76-4065-B393-126408399AF5}
		{83150B66-0071-45D0-AC43-0B235D764753} = {F25B1790-AC76-4065-B393-126408399AF5}
		{205097D8-0629-4CF2-B874-79C5BDD690C0} = {F25B1790-AC76-4065-B393-126408399AF5}
		{B4838734-3A5C-461E-BB39-10B5275270D0} = {EF1ED550-8A32-40A9-A3ED-AC37B359258E}
		{9205C6F6-D137-49E7-9266-C932CB50A1F7} = {EF1ED550-8A32-40A9-A3ED-AC37B359258E}
		{76F3B470-52D9-4A1F-8409-881390FAB02F} = {EF1ED550-8A32-40A9-A3ED-AC37B359258E}
	EndGlobalSection
EndGlobal
